<?xml version="1.0" encoding="utf-8"?>
<Project ToolsVersion="4.0" xmlns="http://schemas.microsoft.com/developer/msbuild/2003">
  <ItemGroup>
    <Filter Include="Source Files">
      <UniqueIdentifier>{4FC737F1-C7A5-4376-A066-2A32D752A2FF}</UniqueIdentifier>
      <Extensions>cpp;c;cc;cxx;def;odl;idl;hpj;bat;asm;asmx</Extensions>
    </Filter>
    <Filter Include="Header Files">
      <UniqueIdentifier>{93995380-89BD-4b04-88EB-625FBE52EBFB}</UniqueIdentifier>
      <Extensions>h;hh;hpp;hxx;hm;inl;inc;ipp;xsd</Extensions>
    </Filter>
    <Filter Include="Resource Files">
      <UniqueIdentifier>{67DA6AB6-F800-4c08-8B7A-83BB121AAD01}</UniqueIdentifier>
      <Extensions>rc;ico;cur;bmp;dlg;rc2;rct;bin;rgs;gif;jpg;jpeg;jpe;resx;tiff;tif;png;wav;mfcribbon-ms</Extensions>
    </Filter>
    <Filter Include="App Reports">
      <UniqueIdentifier>{2ABB1EE5-4DBA-451A-B088-CFFA4FEBD84A}</UniqueIdentifier>
      <Extensions>txt;csv</Extensions>
    </Filter>
  </ItemGroup>
  <ItemGroup>
    <ClInclude Include="framework.h">
      <Filter>Header Files</Filter>
    </ClInclude>
    <ClInclude Include="targetver.h">
      <Filter>Header Files</Filter>
    </ClInclude>
    <ClInclude Include="Resource.h">
      <Filter>Header Files</Filter>
    </ClInclude>
    <ClInclude Include="pch.h">
      <Filter>Header Files</Filter>
    </ClInclude>
    <ClInclude Include="..\..\Library\Extras\AboutDlg.h">
      <Filter>Header Files</Filter>
    </ClInclude>
    <ClInclude Include="..\..\Library\Extras\OptionsDlg.h">
      <Filter>Header Files</Filter>
    </ClInclude>
    <ClInclude Include="RacesApp.h">
      <Filter>Header Files</Filter>
    </ClInclude>
    <ClInclude Include="..\..\Library\Extras\ResourceExtra.h">
      <Filter>Header Files</Filter>
    </ClInclude>
    <ClInclude Include="RacesAppDlg.h">
      <Filter>Header Files</Filter>
    </ClInclude>
    <ClInclude Include="MyToolBar.h">
      <Filter>Header Files</Filter>
    </ClInclude>
    <ClInclude Include="MbrInfo.h">
      <Filter>Header Files</Filter>
    </ClInclude>
    <ClInclude Include="MemberList.h">
      <Filter>Header Files</Filter>
    </ClInclude>
    <ClInclude Include="ChkListDlg.h">
      <Filter>Header Files</Filter>
    </ClInclude>
    <ClInclude Include="MbrStatus.h">
      <Filter>Header Files</Filter>
    </ClInclude>
    <ClInclude Include="MbrAvailability.h">
      <Filter>Header Files</Filter>
    </ClInclude>
    <ClInclude Include="MbrGeography.h">
      <Filter>Header Files</Filter>
    </ClInclude>
    <ClInclude Include="MbrBadgeNo.h">
      <Filter>Header Files</Filter>
    </ClInclude>
    <ClInclude Include="PrepEntRcd.h">
      <Filter>Header Files</Filter>
    </ClInclude>
    <ClInclude Include="PrepAdrRcd.h">
      <Filter>Header Files</Filter>
    </ClInclude>
    <ClInclude Include="PrepCtyRcd.h">
      <Filter>Header Files</Filter>
    </ClInclude>
    <ClInclude Include="Header.h">
      <Filter>Header Files</Filter>
    </ClInclude>
    <ClInclude Include="Utility.h">
      <Filter>Header Files</Filter>
    </ClInclude>
    <ClInclude Include="ZipList.h">
      <Filter>Header Files</Filter>
    </ClInclude>
    <ClInclude Include="AddrList.h">
      <Filter>Header Files</Filter>
    </ClInclude>
    <ClInclude Include="APicture.h">
      <Filter>Header Files</Filter>
    </ClInclude>
    <ClInclude Include="DeadRcds.h">
      <Filter>Header Files</Filter>
    </ClInclude>
    <ClInclude Include="CurMbr.h">
      <Filter>Header Files</Filter>
    </ClInclude>
    <ClInclude Include="ReportBase.h">
      <Filter>Header Files</Filter>
    </ClInclude>
    <ClInclude Include="ExcelRpt.h">
      <Filter>Header Files</Filter>
    </ClInclude>
    <ClInclude Include="GoogleRpt.h">
      <Filter>Header Files</Filter>
    </ClInclude>
    <ClInclude Include="PriorityList.h">
      <Filter>Header Files</Filter>
    </ClInclude>
    <ClInclude Include="EverBridgeRpt.h">
      <Filter>Header Files</Filter>
    </ClInclude>
    <ClInclude Include="BadgeRpt.h">
      <Filter>Header Files</Filter>
    </ClInclude>
    <ClInclude Include="CurMbrList.h">
      <Filter>Header Files</Filter>
    </ClInclude>
    <ClInclude Include="Reports.h">
      <Filter>Header Files</Filter>
    </ClInclude>
    <ClInclude Include="ContactRpt.h">
      <Filter>Header Files</Filter>
    </ClInclude>
    <ClInclude Include="ResponderCntRpt.h">
      <Filter>Header Files</Filter>
    </ClInclude>
    <ClInclude Include="MbrIDs.h">
      <Filter>Header Files</Filter>
    </ClInclude>
    <ClInclude Include="FormerRpt.h">
      <Filter>Header Files</Filter>
    </ClInclude>
    <ClInclude Include="FmrPeriodDlg.h">
      <Filter>Header Files</Filter>
    </ClInclude>
    <ClInclude Include="MmYyCtl.h">
      <Filter>Header Files</Filter>
    </ClInclude>
    <ClInclude Include="SearchDlg.h">
      <Filter>Header Files</Filter>
    </ClInclude>
    <ClInclude Include="MbrSearch.h">
      <Filter>Header Files</Filter>
    </ClInclude>
    <ClInclude Include="SaveRcdDlg.h">
      <Filter>Header Files</Filter>
    </ClInclude>
    <ClInclude Include="MsAccess.h">
      <Filter>Header Files</Filter>
    </ClInclude>
  </ItemGroup>
  <ItemGroup>
    <ClCompile Include="pch.cpp">
      <Filter>Source Files</Filter>
    </ClCompile>
    <ClCompile Include="..\..\Library\Extras\AboutDlg.cpp">
      <Filter>Source Files</Filter>
    </ClCompile>
    <ClCompile Include="..\..\Library\Extras\OptionsDlg.cpp">
      <Filter>Source Files</Filter>
    </ClCompile>
    <ClCompile Include="RacesApp.cpp">
      <Filter>Source Files</Filter>
    </ClCompile>
    <ClCompile Include="RacesAppDlg.cpp">
      <Filter>Source Files</Filter>
    </ClCompile>
    <ClCompile Include="MyToolBar.cpp">
      <Filter>Source Files</Filter>
    </ClCompile>
    <ClCompile Include="MbrInfo.cpp">
      <Filter>Source Files</Filter>
    </ClCompile>
    <ClCompile Include="MemberList.cpp">
      <Filter>Source Files</Filter>
    </ClCompile>
    <ClCompile Include="ChkListDlg.cpp">
      <Filter>Source Files</Filter>
    </ClCompile>
    <ClCompile Include="MbrStatus.cpp">
      <Filter>Source Files</Filter>
    </ClCompile>
    <ClCompile Include="MbrAvailability.cpp">
      <Filter>Source Files</Filter>
    </ClCompile>
    <ClCompile Include="MbrGeography.cpp">
      <Filter>Source Files</Filter>
    </ClCompile>
    <ClCompile Include="MbrBadgeNo.cpp">
      <Filter>Source Files</Filter>
    </ClCompile>
    <ClCompile Include="PrepEntRcd.cpp">
      <Filter>Source Files</Filter>
    </ClCompile>
    <ClCompile Include="PrepAdrRcd.cpp">
      <Filter>Source Files</Filter>
    </ClCompile>
    <ClCompile Include="PrepCtyRcd.cpp">
      <Filter>Source Files</Filter>
    </ClCompile>
    <ClCompile Include="Utility.cpp">
      <Filter>Source Files</Filter>
    </ClCompile>
    <ClCompile Include="ZipList.cpp">
      <Filter>Source Files</Filter>
    </ClCompile>
    <ClCompile Include="AddrList.cpp">
      <Filter>Source Files</Filter>
    </ClCompile>
    <ClCompile Include="APicture.cpp">
      <Filter>Source Files</Filter>
    </ClCompile>
    <ClCompile Include="DeadRcds.cpp">
      <Filter>Source Files</Filter>
    </ClCompile>
    <ClCompile Include="CurMbr.cpp">
      <Filter>Source Files</Filter>
    </ClCompile>
    <ClCompile Include="ReportBase.cpp">
      <Filter>Source Files</Filter>
    </ClCompile>
    <ClCompile Include="ExcelRpt.cpp">
      <Filter>Source Files</Filter>
    </ClCompile>
    <ClCompile Include="GoogleRpt.cpp">
      <Filter>Source Files</Filter>
    </ClCompile>
    <ClCompile Include="PriorityList.cpp">
      <Filter>Source Files</Filter>
    </ClCompile>
    <ClCompile Include="EverBridgeRpt.cpp">
      <Filter>Source Files</Filter>
    </ClCompile>
    <ClCompile Include="BadgeRpt.cpp">
      <Filter>Source Files</Filter>
    </ClCompile>
    <ClCompile Include="CurMbrList.cpp">
      <Filter>Source Files</Filter>
    </ClCompile>
    <ClCompile Include="Reports.cpp">
      <Filter>Source Files</Filter>
    </ClCompile>
    <ClCompile Include="ContactRpt.cpp">
      <Filter>Source Files</Filter>
    </ClCompile>
    <ClCompile Include="ResponderCntRpt.cpp">
      <Filter>Source Files</Filter>
    </ClCompile>
    <ClCompile Include="MbrIDs.cpp">
      <Filter>Source Files</Filter>
    </ClCompile>
    <ClCompile Include="FormerRpt.cpp">
      <Filter>Source Files</Filter>
    </ClCompile>
    <ClCompile Include="FmrPeriodDlg.cpp">
      <Filter>Source Files</Filter>
    </ClCompile>
    <ClCompile Include="MmYyCtl.cpp">
      <Filter>Source Files</Filter>
    </ClCompile>
    <ClCompile Include="SearchDlg.cpp">
      <Filter>Source Files</Filter>
    </ClCompile>
    <ClCompile Include="MbrSearch.cpp">
      <Filter>Source Files</Filter>
    </ClCompile>
    <ClCompile Include="SaveRcdDlg.cpp">
      <Filter>Source Files</Filter>
    </ClCompile>
    <ClCompile Include="MsAccess.cpp">
      <Filter>Source Files</Filter>
    </ClCompile>
  </ItemGroup>
  <ItemGroup>
    <ResourceCompile Include="RacesApp.rc">
      <Filter>Resource Files</Filter>
    </ResourceCompile>
  </ItemGroup>
  <ItemGroup>
    <None Include="..\..\Library\Extras\AboutDlg.rc2">
      <Filter>Resource Files</Filter>
    </None>
    <None Include="..\..\Library\Extras\Options.rc2">
      <Filter>Resource Files</Filter>
    </None>
    <None Include="res\RacesApp.rc2">
      <Filter>Resource Files</Filter>
    </None>
    <None Include="C:\Users\rrvt\AppData\Roaming\RacesApp\RacesApp.ini" />
    <None Include="..\README.md" />
    <None Include="res\Toolbar14.bmp">
      <Filter>Resource Files</Filter>
    </None>
    <None Include="..\Data\Two.csv">
      <Filter>App Reports</Filter>
    </None>
    <None Include="..\Data\One.csv">
      <Filter>App Reports</Filter>
    </None>
  </ItemGroup>
  <ItemGroup>
    <Image Include="res\ShortToolbar.bmp">
      <Filter>Resource Files</Filter>
    </Image>
    <Image Include="res\RacesApp.ico">
      <Filter>Resource Files</Filter>
    </Image>
    <Image Include="res\Puppy.bmp">
      <Filter>Resource Files</Filter>
    </Image>
    <Image Include="res\bitmap1.bmp">
      <Filter>Resource Files</Filter>
    </Image>
    <Image Include="res\bitmap2.bmp">
      <Filter>Resource Files</Filter>
    </Image>
    <Image Include="res\Delete.bmp">
      <Filter>Resource Files</Filter>
    </Image>
    <Image Include="res\Toolbar15.bmp">
      <Filter>Resource Files</Filter>
    </Image>
    <Image Include="res\Toolbar18.bmp">
      <Filter>Resource Files</Filter>
    </Image>
  </ItemGroup>
</Project>